
Microsoft Visual Studio Solution File, Format Version 12.00
# Visual Studio Version 17
VisualStudioVersion = 17.10.34916.146
MinimumVisualStudioVersion = 10.0.40219.1
Project("{FAE04EC0-301F-11D3-BF4B-00C04F79EFBC}") = "FileReader", "FileReader\FileReader.csproj", "{6765EC7E-1942-49C4-8373-5F1ABFA31302}"
EndProject
Global
	GlobalSection(SolutionConfigurationPlatforms) = preSolution
		Debug|Any CPU = Debug|Any CPU
		Release|Any CPU = Release|Any CPU
	EndGlobalSection
	GlobalSection(ProjectConfigurationPlatforms) = postSolution
		{6765EC7E-1942-49C4-8373-5F1ABFA31302}.Debug|Any CPU.ActiveCfg = Debug|Any CPU
		{6765EC7E-1942-49C4-8373-5F1ABFA31302}.Debug|Any CPU.Build.0 = Debug|Any CPU
		{6765EC7E-1942-49C4-8373-5F1ABFA31302}.Release|Any CPU.ActiveCfg = Release|Any CPU
		{6765EC7E-1942-49C4-8373-5F1ABFA31302}.Release|Any CPU.Build.0 = Release|Any CPU
	EndGlobalSection
	GlobalSection(SolutionProperties) = preSolution
		HideSolutionNode = FALSE
	EndGlobalSection
	GlobalSection(ExtensibilityGlobals) = postSolution
		SolutionGuid = {352D8CD7-8D94-493C-A570-1E9AAE41EDB5}
	EndGlobalSection
EndGlobal
